
Microsoft Visual Studio Solution File, Format Version 12.00
# Visual Studio Version 17
VisualStudioVersion = 17.8.34525.116
MinimumVisualStudioVersion = 10.0.40219.1
Project("{FAE04EC0-301F-11D3-BF4B-00C04F79EFBC}") = "Microservices.Products.Api", "Microservices.Products.Api\Microservices.Products.Api.csproj", "{959E04D3-71B6-403E-B455-8064DC52073C}"
EndProject
Project("{FAE04EC0-301F-11D3-BF4B-00C04F79EFBC}") = "Microservices.Users.Api", "Microservices.Users.Api\Microservices.Users.Api.csproj", "{3DB5936C-5F87-4EC6-8C54-253586427BB0}"
EndProject
Project("{2150E333-8FDC-42A3-9474-1A3956D46DE8}") = "Apigateway.YARP", "Apigateway.YARP", "{F68E1EAE-2979-4419-9DBD-CFDC4A66EC46}"
EndProject
Project("{FAE04EC0-301F-11D3-BF4B-00C04F79EFBC}") = "GatewayUsing.YARP", "GatewayUsing.YARP\GatewayUsing.YARP.csproj", "{9093DD70-9999-489F-9344-3DD821A4E9ED}"
EndProject
Project("{2150E333-8FDC-42A3-9474-1A3956D46DE8}") = "Apigateway.Ocelot", "Apigateway.Ocelot", "{E0785DA0-DEA1-44E3-973F-CA33C7A4C3BA}"
EndProject
Project("{FAE04EC0-301F-11D3-BF4B-00C04F79EFBC}") = "GatewayUsing.Ocelot", "GatewayUsing.Ocelot\GatewayUsing.Ocelot.csproj", "{268F23C2-2BAA-418F-BA27-4E8AECDF1022}"
EndProject
Project("{FAE04EC0-301F-11D3-BF4B-00C04F79EFBC}") = "JwtAuthenticationManager", "JwtAuthenticationManager\JwtAuthenticationManager.csproj", "{7EC90F41-A660-4EC1-BAEC-27FCDB9F5051}"
EndProject
Project("{FAE04EC0-301F-11D3-BF4B-00C04F79EFBC}") = "Microservices.Authentication.Api", "Microservices.Authentication.Api\Microservices.Authentication.Api.csproj", "{41CBE4BC-A227-4D4C-B9D4-7DE1922C28AE}"
EndProject
Global
	GlobalSection(SolutionConfigurationPlatforms) = preSolution
		Debug|Any CPU = Debug|Any CPU
		Release|Any CPU = Release|Any CPU
	EndGlobalSection
	GlobalSection(ProjectConfigurationPlatforms) = postSolution
		{959E04D3-71B6-403E-B455-8064DC52073C}.Debug|Any CPU.ActiveCfg = Debug|Any CPU
		{959E04D3-71B6-403E-B455-8064DC52073C}.Debug|Any CPU.Build.0 = Debug|Any CPU
		{959E04D3-71B6-403E-B455-8064DC52073C}.Release|Any CPU.ActiveCfg = Release|Any CPU
		{959E04D3-71B6-403E-B455-8064DC52073C}.Release|Any CPU.Build.0 = Release|Any CPU
		{3DB5936C-5F87-4EC6-8C54-253586427BB0}.Debug|Any CPU.ActiveCfg = Debug|Any CPU
		{3DB5936C-5F87-4EC6-8C54-253586427BB0}.Debug|Any CPU.Build.0 = Debug|Any CPU
		{3DB5936C-5F87-4EC6-8C54-253586427BB0}.Release|Any CPU.ActiveCfg = Release|Any CPU
		{3DB5936C-5F87-4EC6-8C54-253586427BB0}.Release|Any CPU.Build.0 = Release|Any CPU
		{9093DD70-9999-489F-9344-3DD821A4E9ED}.Debug|Any CPU.ActiveCfg = Debug|Any CPU
		{9093DD70-9999-489F-9344-3DD821A4E9ED}.Debug|Any CPU.Build.0 = Debug|Any CPU
		{9093DD70-9999-489F-9344-3DD821A4E9ED}.Release|Any CPU.ActiveCfg = Release|Any CPU
		{9093DD70-9999-489F-9344-3DD821A4E9ED}.Release|Any CPU.Build.0 = Release|Any CPU
		{268F23C2-2BAA-418F-BA27-4E8AECDF1022}.Debug|Any CPU.ActiveCfg = Debug|Any CPU
		{268F23C2-2BAA-418F-BA27-4E8AECDF1022}.Debug|Any CPU.Build.0 = Debug|Any CPU
		{268F23C2-2BAA-418F-BA27-4E8AECDF1022}.Release|Any CPU.ActiveCfg = Release|Any CPU
		{268F23C2-2BAA-418F-BA27-4E8AECDF1022}.Release|Any CPU.Build.0 = Release|Any CPU
		{7EC90F41-A660-4EC1-BAEC-27FCDB9F5051}.Debug|Any CPU.ActiveCfg = Debug|Any CPU
		{7EC90F41-A660-4EC1-BAEC-27FCDB9F5051}.Debug|Any CPU.Build.0 = Debug|Any CPU
		{7EC90F41-A660-4EC1-BAEC-27FCDB9F5051}.Release|Any CPU.ActiveCfg = Release|Any CPU
		{7EC90F41-A660-4EC1-BAEC-27FCDB9F5051}.Release|Any CPU.Build.0 = Release|Any CPU
		{41CBE4BC-A227-4D4C-B9D4-7DE1922C28AE}.Debug|Any CPU.ActiveCfg = Debug|Any CPU
		{41CBE4BC-A227-4D4C-B9D4-7DE1922C28AE}.Debug|Any CPU.Build.0 = Debug|Any CPU
		{41CBE4BC-A227-4D4C-B9D4-7DE1922C28AE}.Release|Any CPU.ActiveCfg = Release|Any CPU
		{41CBE4BC-A227-4D4C-B9D4-7DE1922C28AE}.Release|Any CPU.Build.0 = Release|Any CPU
	EndGlobalSection
	GlobalSection(SolutionProperties) = preSolution
		HideSolutionNode = FALSE
	EndGlobalSection
	GlobalSection(NestedProjects) = preSolution
		{9093DD70-9999-489F-9344-3DD821A4E9ED} = {F68E1EAE-2979-4419-9DBD-CFDC4A66EC46}
		{268F23C2-2BAA-418F-BA27-4E8AECDF1022} = {E0785DA0-DEA1-44E3-973F-CA33C7A4C3BA}
	EndGlobalSection
	GlobalSection(ExtensibilityGlobals) = postSolution
		SolutionGuid = {C8F19333-2853-45AF-B906-077E9768DA64}
	EndGlobalSection
EndGlobal
